
Microsoft Visual Studio Solution File, Format Version 12.00
# Visual Studio Version 16
VisualStudioVersion = 16.0.30104.148
MinimumVisualStudioVersion = 10.0.40219.1
Project("{888888A0-9F3D-457C-B088-3A5042F75D52}") = "ThapHaNoi", "ThapHaNoi\ThapHaNoi.pyproj", "{A5F3DC94-CD79-4F69-A964-49D8B0948E38}"
EndProject
Global
	GlobalSection(SolutionConfigurationPlatforms) = preSolution
		Debug|Any CPU = Debug|Any CPU
		Release|Any CPU = Release|Any CPU
	EndGlobalSection
	GlobalSection(ProjectConfigurationPlatforms) = postSolution
		{A5F3DC94-CD79-4F69-A964-49D8B0948E38}.Debug|Any CPU.ActiveCfg = Debug|Any CPU
		{A5F3DC94-CD79-4F69-A964-49D8B0948E38}.Release|Any CPU.ActiveCfg = Release|Any CPU
	EndGlobalSection
	GlobalSection(SolutionProperties) = preSolution
		HideSolutionNode = FALSE
	EndGlobalSection
	GlobalSection(ExtensibilityGlobals) = postSolution
		SolutionGuid = {A6134A8D-B740-4571-9912-94A50EECE608}
	EndGlobalSection
EndGlobal
